
Microsoft Visual Studio Solution File, Format Version 12.00
Project("{FAE04EC0-301F-11D3-BF4B-00C04F79EFBC}") = "SystemMonitorApp", "SystemMonitorApp\SystemMonitorApp.csproj", "{B037F944-B84C-418E-99D7-FDE253C1346F}"
EndProject
Project("{FAE04EC0-301F-11D3-BF4B-00C04F79EFBC}") = "SystemMonitorApp.Tests_", "SystemMonitorApp.Tests_\SystemMonitorApp.Tests_.csproj", "{3EF91EAE-5B3A-4E5B-9B28-6D31AFD8FE4B}"
EndProject
Global
	GlobalSection(SolutionConfigurationPlatforms) = preSolution
		Debug|Any CPU = Debug|Any CPU
		Release|Any CPU = Release|Any CPU
	EndGlobalSection
	GlobalSection(ProjectConfigurationPlatforms) = postSolution
		{B037F944-B84C-418E-99D7-FDE253C1346F}.Debug|Any CPU.ActiveCfg = Debug|Any CPU
		{B037F944-B84C-418E-99D7-FDE253C1346F}.Debug|Any CPU.Build.0 = Debug|Any CPU
		{B037F944-B84C-418E-99D7-FDE253C1346F}.Release|Any CPU.ActiveCfg = Release|Any CPU
		{B037F944-B84C-418E-99D7-FDE253C1346F}.Release|Any CPU.Build.0 = Release|Any CPU
		{3EF91EAE-5B3A-4E5B-9B28-6D31AFD8FE4B}.Debug|Any CPU.ActiveCfg = Debug|Any CPU
		{3EF91EAE-5B3A-4E5B-9B28-6D31AFD8FE4B}.Debug|Any CPU.Build.0 = Debug|Any CPU
		{3EF91EAE-5B3A-4E5B-9B28-6D31AFD8FE4B}.Release|Any CPU.ActiveCfg = Release|Any CPU
		{3EF91EAE-5B3A-4E5B-9B28-6D31AFD8FE4B}.Release|Any CPU.Build.0 = Release|Any CPU
	EndGlobalSection
EndGlobal
